Microsoft Visual Studio Solution File, Format Version 10.00
# Visual Studio 2008
Project("{FAE04EC0-301F-11D3-BF4B-00C04F79EFBC}") = "Terrarium", "Terrarium\Terrarium.csproj", "{0F3C0D45-0DCC-43C9-BC43-C34C2029FFF4}"
EndProject
Project("{FAE04EC0-301F-11D3-BF4B-00C04F79EFBC}") = "HttpListener", "HttpListener\HttpListener.csproj", "{E3EC9E4B-7AA9-4DA9-B6FE-A5E73FE1A8D0}"
EndProject
Project("{FAE04EC0-301F-11D3-BF4B-00C04F79EFBC}") = "OrganismBase", "OrganismBase\OrganismBase.csproj", "{692FC657-3EAA-4EF9-B10F-3558A7E5916D}"
EndProject
Project("{FAE04EC0-301F-11D3-BF4B-00C04F79EFBC}") = "Configuration", "Configuration\Configuration.csproj", "{A7445FEE-D531-460F-99F9-80FD7345072A}"
EndProject
Project("{FAE04EC0-301F-11D3-BF4B-00C04F79EFBC}") = "Controls", "Controls\Controls.csproj", "{78CF0F3B-AE88-4DD9-854C-E199E3C985CD}"
EndProject
Project("{FAE04EC0-301F-11D3-BF4B-00C04F79EFBC}") = "Game", "Game\Game.csproj", "{B77AEBA6-F49D-45EE-BDE7-ABE95EF462D7}"
EndProject
Project("{FAE04EC0-301F-11D3-BF4B-00C04F79EFBC}") = "Services", "Services\Services.csproj", "{6A2A6B54-D211-4766-82A6-0B8E2072BEF9}"
EndProject
Project("{FAE04EC0-301F-11D3-BF4B-00C04F79EFBC}") = "Glass", "Glass\Glass.csproj", "{B3B0B9AB-03ED-433F-841E-9AEBEE934BF3}"
EndProject
Project("{FAE04EC0-301F-11D3-BF4B-00C04F79EFBC}") = "Renderer", "Renderer\Renderer.csproj", "{228FD808-F488-426E-9015-F5557AD44A40}"
EndProject
Project("{FAE04EC0-301F-11D3-BF4B-00C04F79EFBC}") = "Terrarium2", "Terrarium2\Terrarium2.csproj", "{0B856B92-DB30-4166-9945-D0AD34F4F5E9}"
EndProject
Project("{FAE04EC0-301F-11D3-BF4B-00C04F79EFBC}") = "Controls2", "Controls2\Controls2.csproj", "{8E926B34-E5EE-4765-B127-895138B5127C}"
EndProject
Project("{FAE04EC0-301F-11D3-BF4B-00C04F79EFBC}") = "ControlsWPF", "ControlsWPF\ControlsWPF.csproj", "{5E64ECA0-DE38-430C-8031-9DE187FBC12C}"
EndProject
Project("{FAE04EC0-301F-11D3-BF4B-00C04F79EFBC}") = "TerrariumWPF", "TerrariumWPF\TerrariumWPF.csproj", "{117EB15B-CF7E-4B80-8D4C-D1114B3E7862}"
EndProject
Global
	GlobalSection(SolutionConfigurationPlatforms) = preSolution
		Debug|Any CPU = Debug|Any CPU
		Release|Any CPU = Release|Any CPU
	EndGlobalSection
	GlobalSection(ProjectConfigurationPlatforms) = postSolution
		{0F3C0D45-0DCC-43C9-BC43-C34C2029FFF4}.Debug|Any CPU.ActiveCfg = Debug|Any CPU
		{0F3C0D45-0DCC-43C9-BC43-C34C2029FFF4}.Debug|Any CPU.Build.0 = Debug|Any CPU
		{0F3C0D45-0DCC-43C9-BC43-C34C2029FFF4}.Release|Any CPU.ActiveCfg = Release|Any CPU
		{0F3C0D45-0DCC-43C9-BC43-C34C2029FFF4}.Release|Any CPU.Build.0 = Release|Any CPU
		{E3EC9E4B-7AA9-4DA9-B6FE-A5E73FE1A8D0}.Debug|Any CPU.ActiveCfg = Debug|Any CPU
		{E3EC9E4B-7AA9-4DA9-B6FE-A5E73FE1A8D0}.Debug|Any CPU.Build.0 = Debug|Any CPU
		{E3EC9E4B-7AA9-4DA9-B6FE-A5E73FE1A8D0}.Release|Any CPU.ActiveCfg = Release|Any CPU
		{E3EC9E4B-7AA9-4DA9-B6FE-A5E73FE1A8D0}.Release|Any CPU.Build.0 = Release|Any CPU
		{692FC657-3EAA-4EF9-B10F-3558A7E5916D}.Debug|Any CPU.ActiveCfg = Debug|Any CPU
		{692FC657-3EAA-4EF9-B10F-3558A7E5916D}.Debug|Any CPU.Build.0 = Debug|Any CPU
		{692FC657-3EAA-4EF9-B10F-3558A7E5916D}.Release|Any CPU.ActiveCfg = Release|Any CPU
		{692FC657-3EAA-4EF9-B10F-3558A7E5916D}.Release|Any CPU.Build.0 = Release|Any CPU
		{A7445FEE-D531-460F-99F9-80FD7345072A}.Debug|Any CPU.ActiveCfg = Debug|Any CPU
		{A7445FEE-D531-460F-99F9-80FD7345072A}.Debug|Any CPU.Build.0 = Debug|Any CPU
		{A7445FEE-D531-460F-99F9-80FD7345072A}.Release|Any CPU.ActiveCfg = Release|Any CPU
		{A7445FEE-D531-460F-99F9-80FD7345072A}.Release|Any CPU.Build.0 = Release|Any CPU
		{78CF0F3B-AE88-4DD9-854C-E199E3C985CD}.Debug|Any CPU.ActiveCfg = Debug|Any CPU
		{78CF0F3B-AE88-4DD9-854C-E199E3C985CD}.Debug|Any CPU.Build.0 = Debug|Any CPU
		{78CF0F3B-AE88-4DD9-854C-E199E3C985CD}.Release|Any CPU.ActiveCfg = Release|Any CPU
		{78CF0F3B-AE88-4DD9-854C-E199E3C985CD}.Release|Any CPU.Build.0 = Release|Any CPU
		{B77AEBA6-F49D-45EE-BDE7-ABE95EF462D7}.Debug|Any CPU.ActiveCfg = Debug|Any CPU
		{B77AEBA6-F49D-45EE-BDE7-ABE95EF462D7}.Debug|Any CPU.Build.0 = Debug|Any CPU
		{B77AEBA6-F49D-45EE-BDE7-ABE95EF462D7}.Release|Any CPU.ActiveCfg = Release|Any CPU
		{B77AEBA6-F49D-45EE-BDE7-ABE95EF462D7}.Release|Any CPU.Build.0 = Release|Any CPU
		{6A2A6B54-D211-4766-82A6-0B8E2072BEF9}.Debug|Any CPU.ActiveCfg = Debug|Any CPU
		{6A2A6B54-D211-4766-82A6-0B8E2072BEF9}.Debug|Any CPU.Build.0 = Debug|Any CPU
		{6A2A6B54-D211-4766-82A6-0B8E2072BEF9}.Release|Any CPU.ActiveCfg = Release|Any CPU
		{6A2A6B54-D211-4766-82A6-0B8E2072BEF9}.Release|Any CPU.Build.0 = Release|Any CPU
		{B3B0B9AB-03ED-433F-841E-9AEBEE934BF3}.Debug|Any CPU.ActiveCfg = Debug|Any CPU
		{B3B0B9AB-03ED-433F-841E-9AEBEE934BF3}.Debug|Any CPU.Build.0 = Debug|Any CPU
		{B3B0B9AB-03ED-433F-841E-9AEBEE934BF3}.Release|Any CPU.ActiveCfg = Release|Any CPU
		{B3B0B9AB-03ED-433F-841E-9AEBEE934BF3}.Release|Any CPU.Build.0 = Release|Any CPU
		{228FD808-F488-426E-9015-F5557AD44A40}.Debug|Any CPU.ActiveCfg = Debug|Any CPU
		{228FD808-F488-426E-9015-F5557AD44A40}.Debug|Any CPU.Build.0 = Debug|Any CPU
		{228FD808-F488-426E-9015-F5557AD44A40}.Release|Any CPU.ActiveCfg = Release|Any CPU
		{228FD808-F488-426E-9015-F5557AD44A40}.Release|Any CPU.Build.0 = Release|Any CPU
		{0B856B92-DB30-4166-9945-D0AD34F4F5E9}.Debug|Any CPU.ActiveCfg = Debug|Any CPU
		{0B856B92-DB30-4166-9945-D0AD34F4F5E9}.Debug|Any CPU.Build.0 = Debug|Any CPU
		{0B856B92-DB30-4166-9945-D0AD34F4F5E9}.Release|Any CPU.ActiveCfg = Release|Any CPU
		{0B856B92-DB30-4166-9945-D0AD34F4F5E9}.Release|Any CPU.Build.0 = Release|Any CPU
		{8E926B34-E5EE-4765-B127-895138B5127C}.Debug|Any CPU.ActiveCfg = Debug|Any CPU
		{8E926B34-E5EE-4765-B127-895138B5127C}.Debug|Any CPU.Build.0 = Debug|Any CPU
		{8E926B34-E5EE-4765-B127-895138B5127C}.Release|Any CPU.ActiveCfg = Release|Any CPU
		{8E926B34-E5EE-4765-B127-895138B5127C}.Release|Any CPU.Build.0 = Release|Any CPU
		{5E64ECA0-DE38-430C-8031-9DE187FBC12C}.Debug|Any CPU.ActiveCfg = Debug|Any CPU
		{5E64ECA0-DE38-430C-8031-9DE187FBC12C}.Debug|Any CPU.Build.0 = Debug|Any CPU
		{5E64ECA0-DE38-430C-8031-9DE187FBC12C}.Release|Any CPU.ActiveCfg = Release|Any CPU
		{5E64ECA0-DE38-430C-8031-9DE187FBC12C}.Release|Any CPU.Build.0 = Release|Any CPU
		{117EB15B-CF7E-4B80-8D4C-D1114B3E7862}.Debug|Any CPU.ActiveCfg = Debug|Any CPU
		{117EB15B-CF7E-4B80-8D4C-D1114B3E7862}.Debug|Any CPU.Build.0 = Debug|Any CPU
		{117EB15B-CF7E-4B80-8D4C-D1114B3E7862}.Release|Any CPU.ActiveCfg = Release|Any CPU
		{117EB15B-CF7E-4B80-8D4C-D1114B3E7862}.Release|Any CPU.Build.0 = Release|Any CPU
	EndGlobalSection
	GlobalSection(SolutionProperties) = preSolution
		HideSolutionNode = FALSE
	EndGlobalSection
EndGlobal
