
Microsoft Visual Studio Solution File, Format Version 11.00
# Visual Studio 2010
Project("{2150E333-8FDC-42A3-9474-1A3956D46DE8}") = "Server", "Server", "{E815C1CD-64AD-48A7-A415-60B92A41438F}"
EndProject
Project("{2150E333-8FDC-42A3-9474-1A3956D46DE8}") = "Client", "Client", "{B2ED17CF-4419-4953-88A0-F770A43D91EA}"
EndProject
Project("{FAE04EC0-301F-11D3-BF4B-00C04F79EFBC}") = "TerrariumServer", "ServerMVC\TerrariumServer\TerrariumServer.csproj", "{851F0117-2695-4E9C-982C-842526A85981}"
EndProject
Project("{FAE04EC0-301F-11D3-BF4B-00C04F79EFBC}") = "TerrariumServer.Tests", "ServerMVC\TerrariumServer.Tests\TerrariumServer.Tests.csproj", "{F5A60B6D-21E3-4026-A26C-006C500C31D2}"
EndProject
Project("{FAE04EC0-301F-11D3-BF4B-00C04F79EFBC}") = "TerrariumClient", "ClientWPF\TerrariumClient\TerrariumClient.csproj", "{3D2667BE-7F22-4FB5-AFD1-351F10C30518}"
EndProject
Project("{FAE04EC0-301F-11D3-BF4B-00C04F79EFBC}") = "AsmCheck", "ClientWPF\AsmCheck\AsmCheck.csproj", "{23D60335-486E-48CD-B675-02F703F802A3}"
EndProject
Project("{FAE04EC0-301F-11D3-BF4B-00C04F79EFBC}") = "Configuration", "ClientWPF\Configuration\Configuration.csproj", "{40F1FA19-BE5F-4F6E-8D4B-9E083E053CBF}"
EndProject
Project("{FAE04EC0-301F-11D3-BF4B-00C04F79EFBC}") = "Controls", "ClientWPF\Controls\Controls.csproj", "{8399F7D9-E825-4909-875C-A163A05F3FD8}"
EndProject
Project("{FAE04EC0-301F-11D3-BF4B-00C04F79EFBC}") = "DXVBLib", "ClientWPF\DXVBLib\DXVBLib.csproj", "{F3BEC15C-61E2-4E73-9332-784E6FD8434B}"
EndProject
Project("{FAE04EC0-301F-11D3-BF4B-00C04F79EFBC}") = "Game", "ClientWPF\Game\Game.csproj", "{FC8AD5F2-7051-4CA7-8157-0AD334978238}"
EndProject
Project("{FAE04EC0-301F-11D3-BF4B-00C04F79EFBC}") = "Glass", "ClientWPF\Glass\Glass.csproj", "{AEE80A62-0202-4BE8-B4E7-35FBD163463D}"
EndProject
Project("{FAE04EC0-301F-11D3-BF4B-00C04F79EFBC}") = "Graphics", "ClientWPF\Graphics\Graphics.csproj", "{4CE36F82-7904-4937-8694-C521C33BB69E}"
EndProject
Project("{FAE04EC0-301F-11D3-BF4B-00C04F79EFBC}") = "HttpListener", "ClientWPF\HttpListener\HttpListener.csproj", "{187F106E-D3DD-4965-B624-3A2FDC672FF2}"
EndProject
Project("{FAE04EC0-301F-11D3-BF4B-00C04F79EFBC}") = "OrganismBase", "ClientWPF\OrganismBase\OrganismBase.csproj", "{0132DCBC-135B-42F9-BB6B-331D8C2161EF}"
EndProject
Project("{FAE04EC0-301F-11D3-BF4B-00C04F79EFBC}") = "Renderer", "ClientWPF\Renderer\Renderer.csproj", "{90692EA5-0297-450E-8C44-9493084B2ED2}"
EndProject
Project("{FAE04EC0-301F-11D3-BF4B-00C04F79EFBC}") = "Services", "ClientWPF\Services\Services.csproj", "{5BE9F671-9B42-4F4D-9EA3-CD2725BD61D7}"
EndProject
Global
	GlobalSection(SolutionConfigurationPlatforms) = preSolution
		Debug|Any CPU = Debug|Any CPU
		Debug|Mixed Platforms = Debug|Mixed Platforms
		Debug|x86 = Debug|x86
		Release|Any CPU = Release|Any CPU
		Release|Mixed Platforms = Release|Mixed Platforms
		Release|x86 = Release|x86
	EndGlobalSection
	GlobalSection(ProjectConfigurationPlatforms) = postSolution
		{851F0117-2695-4E9C-982C-842526A85981}.Debug|Any CPU.ActiveCfg = Debug|Any CPU
		{851F0117-2695-4E9C-982C-842526A85981}.Debug|Any CPU.Build.0 = Debug|Any CPU
		{851F0117-2695-4E9C-982C-842526A85981}.Debug|Mixed Platforms.ActiveCfg = Debug|Any CPU
		{851F0117-2695-4E9C-982C-842526A85981}.Debug|Mixed Platforms.Build.0 = Debug|Any CPU
		{851F0117-2695-4E9C-982C-842526A85981}.Debug|x86.ActiveCfg = Debug|Any CPU
		{851F0117-2695-4E9C-982C-842526A85981}.Release|Any CPU.ActiveCfg = Release|Any CPU
		{851F0117-2695-4E9C-982C-842526A85981}.Release|Any CPU.Build.0 = Release|Any CPU
		{851F0117-2695-4E9C-982C-842526A85981}.Release|Mixed Platforms.ActiveCfg = Release|Any CPU
		{851F0117-2695-4E9C-982C-842526A85981}.Release|Mixed Platforms.Build.0 = Release|Any CPU
		{851F0117-2695-4E9C-982C-842526A85981}.Release|x86.ActiveCfg = Release|Any CPU
		{F5A60B6D-21E3-4026-A26C-006C500C31D2}.Debug|Any CPU.ActiveCfg = Debug|Any CPU
		{F5A60B6D-21E3-4026-A26C-006C500C31D2}.Debug|Any CPU.Build.0 = Debug|Any CPU
		{F5A60B6D-21E3-4026-A26C-006C500C31D2}.Debug|Mixed Platforms.ActiveCfg = Debug|Any CPU
		{F5A60B6D-21E3-4026-A26C-006C500C31D2}.Debug|Mixed Platforms.Build.0 = Debug|Any CPU
		{F5A60B6D-21E3-4026-A26C-006C500C31D2}.Debug|x86.ActiveCfg = Debug|Any CPU
		{F5A60B6D-21E3-4026-A26C-006C500C31D2}.Release|Any CPU.ActiveCfg = Release|Any CPU
		{F5A60B6D-21E3-4026-A26C-006C500C31D2}.Release|Any CPU.Build.0 = Release|Any CPU
		{F5A60B6D-21E3-4026-A26C-006C500C31D2}.Release|Mixed Platforms.ActiveCfg = Release|Any CPU
		{F5A60B6D-21E3-4026-A26C-006C500C31D2}.Release|Mixed Platforms.Build.0 = Release|Any CPU
		{F5A60B6D-21E3-4026-A26C-006C500C31D2}.Release|x86.ActiveCfg = Release|Any CPU
		{3D2667BE-7F22-4FB5-AFD1-351F10C30518}.Debug|Any CPU.ActiveCfg = Debug|x86
		{3D2667BE-7F22-4FB5-AFD1-351F10C30518}.Debug|Mixed Platforms.ActiveCfg = Debug|x86
		{3D2667BE-7F22-4FB5-AFD1-351F10C30518}.Debug|Mixed Platforms.Build.0 = Debug|x86
		{3D2667BE-7F22-4FB5-AFD1-351F10C30518}.Debug|x86.ActiveCfg = Debug|x86
		{3D2667BE-7F22-4FB5-AFD1-351F10C30518}.Debug|x86.Build.0 = Debug|x86
		{3D2667BE-7F22-4FB5-AFD1-351F10C30518}.Release|Any CPU.ActiveCfg = Release|x86
		{3D2667BE-7F22-4FB5-AFD1-351F10C30518}.Release|Mixed Platforms.ActiveCfg = Release|x86
		{3D2667BE-7F22-4FB5-AFD1-351F10C30518}.Release|Mixed Platforms.Build.0 = Release|x86
		{3D2667BE-7F22-4FB5-AFD1-351F10C30518}.Release|x86.ActiveCfg = Release|x86
		{3D2667BE-7F22-4FB5-AFD1-351F10C30518}.Release|x86.Build.0 = Release|x86
		{23D60335-486E-48CD-B675-02F703F802A3}.Debug|Any CPU.ActiveCfg = Debug|Any CPU
		{23D60335-486E-48CD-B675-02F703F802A3}.Debug|Any CPU.Build.0 = Debug|Any CPU
		{23D60335-486E-48CD-B675-02F703F802A3}.Debug|Mixed Platforms.ActiveCfg = Debug|Any CPU
		{23D60335-486E-48CD-B675-02F703F802A3}.Debug|Mixed Platforms.Build.0 = Debug|Any CPU
		{23D60335-486E-48CD-B675-02F703F802A3}.Debug|x86.ActiveCfg = Debug|Any CPU
		{23D60335-486E-48CD-B675-02F703F802A3}.Release|Any CPU.ActiveCfg = Release|Any CPU
		{23D60335-486E-48CD-B675-02F703F802A3}.Release|Any CPU.Build.0 = Release|Any CPU
		{23D60335-486E-48CD-B675-02F703F802A3}.Release|Mixed Platforms.ActiveCfg = Release|Any CPU
		{23D60335-486E-48CD-B675-02F703F802A3}.Release|Mixed Platforms.Build.0 = Release|Any CPU
		{23D60335-486E-48CD-B675-02F703F802A3}.Release|x86.ActiveCfg = Release|Any CPU
		{40F1FA19-BE5F-4F6E-8D4B-9E083E053CBF}.Debug|Any CPU.ActiveCfg = Debug|Any CPU
		{40F1FA19-BE5F-4F6E-8D4B-9E083E053CBF}.Debug|Any CPU.Build.0 = Debug|Any CPU
		{40F1FA19-BE5F-4F6E-8D4B-9E083E053CBF}.Debug|Mixed Platforms.ActiveCfg = Debug|Any CPU
		{40F1FA19-BE5F-4F6E-8D4B-9E083E053CBF}.Debug|Mixed Platforms.Build.0 = Debug|Any CPU
		{40F1FA19-BE5F-4F6E-8D4B-9E083E053CBF}.Debug|x86.ActiveCfg = Debug|Any CPU
		{40F1FA19-BE5F-4F6E-8D4B-9E083E053CBF}.Release|Any CPU.ActiveCfg = Release|Any CPU
		{40F1FA19-BE5F-4F6E-8D4B-9E083E053CBF}.Release|Any CPU.Build.0 = Release|Any CPU
		{40F1FA19-BE5F-4F6E-8D4B-9E083E053CBF}.Release|Mixed Platforms.ActiveCfg = Release|Any CPU
		{40F1FA19-BE5F-4F6E-8D4B-9E083E053CBF}.Release|Mixed Platforms.Build.0 = Release|Any CPU
		{40F1FA19-BE5F-4F6E-8D4B-9E083E053CBF}.Release|x86.ActiveCfg = Release|Any CPU
		{8399F7D9-E825-4909-875C-A163A05F3FD8}.Debug|Any CPU.ActiveCfg = Debug|Any CPU
		{8399F7D9-E825-4909-875C-A163A05F3FD8}.Debug|Any CPU.Build.0 = Debug|Any CPU
		{8399F7D9-E825-4909-875C-A163A05F3FD8}.Debug|Mixed Platforms.ActiveCfg = Debug|Any CPU
		{8399F7D9-E825-4909-875C-A163A05F3FD8}.Debug|Mixed Platforms.Build.0 = Debug|Any CPU
		{8399F7D9-E825-4909-875C-A163A05F3FD8}.Debug|x86.ActiveCfg = Debug|Any CPU
		{8399F7D9-E825-4909-875C-A163A05F3FD8}.Release|Any CPU.ActiveCfg = Release|Any CPU
		{8399F7D9-E825-4909-875C-A163A05F3FD8}.Release|Any CPU.Build.0 = Release|Any CPU
		{8399F7D9-E825-4909-875C-A163A05F3FD8}.Release|Mixed Platforms.ActiveCfg = Release|Any CPU
		{8399F7D9-E825-4909-875C-A163A05F3FD8}.Release|Mixed Platforms.Build.0 = Release|Any CPU
		{8399F7D9-E825-4909-875C-A163A05F3FD8}.Release|x86.ActiveCfg = Release|Any CPU
		{F3BEC15C-61E2-4E73-9332-784E6FD8434B}.Debug|Any CPU.ActiveCfg = Debug|Any CPU
		{F3BEC15C-61E2-4E73-9332-784E6FD8434B}.Debug|Any CPU.Build.0 = Debug|Any CPU
		{F3BEC15C-61E2-4E73-9332-784E6FD8434B}.Debug|Mixed Platforms.ActiveCfg = Debug|Any CPU
		{F3BEC15C-61E2-4E73-9332-784E6FD8434B}.Debug|Mixed Platforms.Build.0 = Debug|Any CPU
		{F3BEC15C-61E2-4E73-9332-784E6FD8434B}.Debug|x86.ActiveCfg = Debug|Any CPU
		{F3BEC15C-61E2-4E73-9332-784E6FD8434B}.Release|Any CPU.ActiveCfg = Release|Any CPU
		{F3BEC15C-61E2-4E73-9332-784E6FD8434B}.Release|Any CPU.Build.0 = Release|Any CPU
		{F3BEC15C-61E2-4E73-9332-784E6FD8434B}.Release|Mixed Platforms.ActiveCfg = Release|Any CPU
		{F3BEC15C-61E2-4E73-9332-784E6FD8434B}.Release|Mixed Platforms.Build.0 = Release|Any CPU
		{F3BEC15C-61E2-4E73-9332-784E6FD8434B}.Release|x86.ActiveCfg = Release|Any CPU
		{FC8AD5F2-7051-4CA7-8157-0AD334978238}.Debug|Any CPU.ActiveCfg = Debug|Any CPU
		{FC8AD5F2-7051-4CA7-8157-0AD334978238}.Debug|Any CPU.Build.0 = Debug|Any CPU
		{FC8AD5F2-7051-4CA7-8157-0AD334978238}.Debug|Mixed Platforms.ActiveCfg = Debug|Any CPU
		{FC8AD5F2-7051-4CA7-8157-0AD334978238}.Debug|Mixed Platforms.Build.0 = Debug|Any CPU
		{FC8AD5F2-7051-4CA7-8157-0AD334978238}.Debug|x86.ActiveCfg = Debug|Any CPU
		{FC8AD5F2-7051-4CA7-8157-0AD334978238}.Release|Any CPU.ActiveCfg = Release|Any CPU
		{FC8AD5F2-7051-4CA7-8157-0AD334978238}.Release|Any CPU.Build.0 = Release|Any CPU
		{FC8AD5F2-7051-4CA7-8157-0AD334978238}.Release|Mixed Platforms.ActiveCfg = Release|Any CPU
		{FC8AD5F2-7051-4CA7-8157-0AD334978238}.Release|Mixed Platforms.Build.0 = Release|Any CPU
		{FC8AD5F2-7051-4CA7-8157-0AD334978238}.Release|x86.ActiveCfg = Release|Any CPU
		{AEE80A62-0202-4BE8-B4E7-35FBD163463D}.Debug|Any CPU.ActiveCfg = Debug|Any CPU
		{AEE80A62-0202-4BE8-B4E7-35FBD163463D}.Debug|Any CPU.Build.0 = Debug|Any CPU
		{AEE80A62-0202-4BE8-B4E7-35FBD163463D}.Debug|Mixed Platforms.ActiveCfg = Debug|Any CPU
		{AEE80A62-0202-4BE8-B4E7-35FBD163463D}.Debug|Mixed Platforms.Build.0 = Debug|Any CPU
		{AEE80A62-0202-4BE8-B4E7-35FBD163463D}.Debug|x86.ActiveCfg = Debug|Any CPU
		{AEE80A62-0202-4BE8-B4E7-35FBD163463D}.Release|Any CPU.ActiveCfg = Release|Any CPU
		{AEE80A62-0202-4BE8-B4E7-35FBD163463D}.Release|Any CPU.Build.0 = Release|Any CPU
		{AEE80A62-0202-4BE8-B4E7-35FBD163463D}.Release|Mixed Platforms.ActiveCfg = Release|Any CPU
		{AEE80A62-0202-4BE8-B4E7-35FBD163463D}.Release|Mixed Platforms.Build.0 = Release|Any CPU
		{AEE80A62-0202-4BE8-B4E7-35FBD163463D}.Release|x86.ActiveCfg = Release|Any CPU
		{4CE36F82-7904-4937-8694-C521C33BB69E}.Debug|Any CPU.ActiveCfg = Debug|Any CPU
		{4CE36F82-7904-4937-8694-C521C33BB69E}.Debug|Any CPU.Build.0 = Debug|Any CPU
		{4CE36F82-7904-4937-8694-C521C33BB69E}.Debug|Mixed Platforms.ActiveCfg = Debug|Any CPU
		{4CE36F82-7904-4937-8694-C521C33BB69E}.Debug|Mixed Platforms.Build.0 = Debug|Any CPU
		{4CE36F82-7904-4937-8694-C521C33BB69E}.Debug|x86.ActiveCfg = Debug|Any CPU
		{4CE36F82-7904-4937-8694-C521C33BB69E}.Release|Any CPU.ActiveCfg = Release|Any CPU
		{4CE36F82-7904-4937-8694-C521C33BB69E}.Release|Any CPU.Build.0 = Release|Any CPU
		{4CE36F82-7904-4937-8694-C521C33BB69E}.Release|Mixed Platforms.ActiveCfg = Release|Any CPU
		{4CE36F82-7904-4937-8694-C521C33BB69E}.Release|Mixed Platforms.Build.0 = Release|Any CPU
		{4CE36F82-7904-4937-8694-C521C33BB69E}.Release|x86.ActiveCfg = Release|Any CPU
		{187F106E-D3DD-4965-B624-3A2FDC672FF2}.Debug|Any CPU.ActiveCfg = Debug|Any CPU
		{187F106E-D3DD-4965-B624-3A2FDC672FF2}.Debug|Any CPU.Build.0 = Debug|Any CPU
		{187F106E-D3DD-4965-B624-3A2FDC672FF2}.Debug|Mixed Platforms.ActiveCfg = Debug|Any CPU
		{187F106E-D3DD-4965-B624-3A2FDC672FF2}.Debug|Mixed Platforms.Build.0 = Debug|Any CPU
		{187F106E-D3DD-4965-B624-3A2FDC672FF2}.Debug|x86.ActiveCfg = Debug|Any CPU
		{187F106E-D3DD-4965-B624-3A2FDC672FF2}.Release|Any CPU.ActiveCfg = Release|Any CPU
		{187F106E-D3DD-4965-B624-3A2FDC672FF2}.Release|Any CPU.Build.0 = Release|Any CPU
		{187F106E-D3DD-4965-B624-3A2FDC672FF2}.Release|Mixed Platforms.ActiveCfg = Release|Any CPU
		{187F106E-D3DD-4965-B624-3A2FDC672FF2}.Release|Mixed Platforms.Build.0 = Release|Any CPU
		{187F106E-D3DD-4965-B624-3A2FDC672FF2}.Release|x86.ActiveCfg = Release|Any CPU
		{0132DCBC-135B-42F9-BB6B-331D8C2161EF}.Debug|Any CPU.ActiveCfg = Debug|Any CPU
		{0132DCBC-135B-42F9-BB6B-331D8C2161EF}.Debug|Any CPU.Build.0 = Debug|Any CPU
		{0132DCBC-135B-42F9-BB6B-331D8C2161EF}.Debug|Mixed Platforms.ActiveCfg = Debug|Any CPU
		{0132DCBC-135B-42F9-BB6B-331D8C2161EF}.Debug|Mixed Platforms.Build.0 = Debug|Any CPU
		{0132DCBC-135B-42F9-BB6B-331D8C2161EF}.Debug|x86.ActiveCfg = Debug|Any CPU
		{0132DCBC-135B-42F9-BB6B-331D8C2161EF}.Release|Any CPU.ActiveCfg = Release|Any CPU
		{0132DCBC-135B-42F9-BB6B-331D8C2161EF}.Release|Any CPU.Build.0 = Release|Any CPU
		{0132DCBC-135B-42F9-BB6B-331D8C2161EF}.Release|Mixed Platforms.ActiveCfg = Release|Any CPU
		{0132DCBC-135B-42F9-BB6B-331D8C2161EF}.Release|Mixed Platforms.Build.0 = Release|Any CPU
		{0132DCBC-135B-42F9-BB6B-331D8C2161EF}.Release|x86.ActiveCfg = Release|Any CPU
		{90692EA5-0297-450E-8C44-9493084B2ED2}.Debug|Any CPU.ActiveCfg = Debug|Any CPU
		{90692EA5-0297-450E-8C44-9493084B2ED2}.Debug|Any CPU.Build.0 = Debug|Any CPU
		{90692EA5-0297-450E-8C44-9493084B2ED2}.Debug|Mixed Platforms.ActiveCfg = Debug|Any CPU
		{90692EA5-0297-450E-8C44-9493084B2ED2}.Debug|Mixed Platforms.Build.0 = Debug|Any CPU
		{90692EA5-0297-450E-8C44-9493084B2ED2}.Debug|x86.ActiveCfg = Debug|Any CPU
		{90692EA5-0297-450E-8C44-9493084B2ED2}.Release|Any CPU.ActiveCfg = Release|Any CPU
		{90692EA5-0297-450E-8C44-9493084B2ED2}.Release|Any CPU.Build.0 = Release|Any CPU
		{90692EA5-0297-450E-8C44-9493084B2ED2}.Release|Mixed Platforms.ActiveCfg = Release|Any CPU
		{90692EA5-0297-450E-8C44-9493084B2ED2}.Release|Mixed Platforms.Build.0 = Release|Any CPU
		{90692EA5-0297-450E-8C44-9493084B2ED2}.Release|x86.ActiveCfg = Release|Any CPU
		{5BE9F671-9B42-4F4D-9EA3-CD2725BD61D7}.Debug|Any CPU.ActiveCfg = Debug|Any CPU
		{5BE9F671-9B42-4F4D-9EA3-CD2725BD61D7}.Debug|Any CPU.Build.0 = Debug|Any CPU
		{5BE9F671-9B42-4F4D-9EA3-CD2725BD61D7}.Debug|Mixed Platforms.ActiveCfg = Debug|Any CPU
		{5BE9F671-9B42-4F4D-9EA3-CD2725BD61D7}.Debug|Mixed Platforms.Build.0 = Debug|Any CPU
		{5BE9F671-9B42-4F4D-9EA3-CD2725BD61D7}.Debug|x86.ActiveCfg = Debug|Any CPU
		{5BE9F671-9B42-4F4D-9EA3-CD2725BD61D7}.Release|Any CPU.ActiveCfg = Release|Any CPU
		{5BE9F671-9B42-4F4D-9EA3-CD2725BD61D7}.Release|Any CPU.Build.0 = Release|Any CPU
		{5BE9F671-9B42-4F4D-9EA3-CD2725BD61D7}.Release|Mixed Platforms.ActiveCfg = Release|Any CPU
		{5BE9F671-9B42-4F4D-9EA3-CD2725BD61D7}.Release|Mixed Platforms.Build.0 = Release|Any CPU
		{5BE9F671-9B42-4F4D-9EA3-CD2725BD61D7}.Release|x86.ActiveCfg = Release|Any CPU
	EndGlobalSection
	GlobalSection(SolutionProperties) = preSolution
		HideSolutionNode = FALSE
	EndGlobalSection
	GlobalSection(NestedProjects) = preSolution
		{851F0117-2695-4E9C-982C-842526A85981} = {E815C1CD-64AD-48A7-A415-60B92A41438F}
		{F5A60B6D-21E3-4026-A26C-006C500C31D2} = {E815C1CD-64AD-48A7-A415-60B92A41438F}
		{3D2667BE-7F22-4FB5-AFD1-351F10C30518} = {B2ED17CF-4419-4953-88A0-F770A43D91EA}
		{23D60335-486E-48CD-B675-02F703F802A3} = {B2ED17CF-4419-4953-88A0-F770A43D91EA}
		{40F1FA19-BE5F-4F6E-8D4B-9E083E053CBF} = {B2ED17CF-4419-4953-88A0-F770A43D91EA}
		{8399F7D9-E825-4909-875C-A163A05F3FD8} = {B2ED17CF-4419-4953-88A0-F770A43D91EA}
		{F3BEC15C-61E2-4E73-9332-784E6FD8434B} = {B2ED17CF-4419-4953-88A0-F770A43D91EA}
		{FC8AD5F2-7051-4CA7-8157-0AD334978238} = {B2ED17CF-4419-4953-88A0-F770A43D91EA}
		{AEE80A62-0202-4BE8-B4E7-35FBD163463D} = {B2ED17CF-4419-4953-88A0-F770A43D91EA}
		{4CE36F82-7904-4937-8694-C521C33BB69E} = {B2ED17CF-4419-4953-88A0-F770A43D91EA}
		{187F106E-D3DD-4965-B624-3A2FDC672FF2} = {B2ED17CF-4419-4953-88A0-F770A43D91EA}
		{0132DCBC-135B-42F9-BB6B-331D8C2161EF} = {B2ED17CF-4419-4953-88A0-F770A43D91EA}
		{90692EA5-0297-450E-8C44-9493084B2ED2} = {B2ED17CF-4419-4953-88A0-F770A43D91EA}
		{5BE9F671-9B42-4F4D-9EA3-CD2725BD61D7} = {B2ED17CF-4419-4953-88A0-F770A43D91EA}
	EndGlobalSection
EndGlobal
